
Microsoft Visual Studio Solution File, Format Version 12.00
# Visual Studio Version 17
VisualStudioVersion = 17.5.002.0
MinimumVisualStudioVersion = 10.0.40219.1
Project("{2150E333-8FDC-42A3-9474-1A3956D46DE8}") = "core", "core", "{FE4B6AB3-A345-46D0-99B1-1FF9278E5C8D}"
EndProject
Project("{9A19103F-16F7-4668-BE54-9A1E7A4F7556}") = "Main", "core\csharp\src\App.csproj", "{0455C755-4856-488D-8DC2-5530EDE3954C}"
EndProject
Project("{FAE04EC0-301F-11D3-BF4B-00C04F79EFBC}") = "Test", "core\csharp\test\AppTest.csproj", "{EF394936-3EB9-443E-9B1E-28A8999055CB}"
EndProject
Global
	GlobalSection(SolutionConfigurationPlatforms) = preSolution
		Debug|Any CPU = Debug|Any CPU
		Release|Any CPU = Release|Any CPU
	EndGlobalSection
	GlobalSection(ProjectConfigurationPlatforms) = postSolution
		{0455C755-4856-488D-8DC2-5530EDE3954C}.Debug|Any CPU.ActiveCfg = Debug|Any CPU
		{0455C755-4856-488D-8DC2-5530EDE3954C}.Debug|Any CPU.Build.0 = Debug|Any CPU
		{0455C755-4856-488D-8DC2-5530EDE3954C}.Release|Any CPU.ActiveCfg = Release|Any CPU
		{0455C755-4856-488D-8DC2-5530EDE3954C}.Release|Any CPU.Build.0 = Release|Any CPU
		{EF394936-3EB9-443E-9B1E-28A8999055CB}.Debug|Any CPU.ActiveCfg = Debug|Any CPU
		{EF394936-3EB9-443E-9B1E-28A8999055CB}.Debug|Any CPU.Build.0 = Debug|Any CPU
		{EF394936-3EB9-443E-9B1E-28A8999055CB}.Release|Any CPU.ActiveCfg = Release|Any CPU
		{EF394936-3EB9-443E-9B1E-28A8999055CB}.Release|Any CPU.Build.0 = Release|Any CPU
	EndGlobalSection
	GlobalSection(SolutionProperties) = preSolution
		HideSolutionNode = FALSE
	EndGlobalSection
	GlobalSection(NestedProjects) = preSolution
		{0455C755-4856-488D-8DC2-5530EDE3954C} = {FE4B6AB3-A345-46D0-99B1-1FF9278E5C8D}
		{EF394936-3EB9-443E-9B1E-28A8999055CB} = {FE4B6AB3-A345-46D0-99B1-1FF9278E5C8D}
	EndGlobalSection
	GlobalSection(ExtensibilityGlobals) = postSolution
		SolutionGuid = {19FFC9B8-7E6F-43C5-9FD7-8F0A4D3B5ACB}
	EndGlobalSection
EndGlobal
